
Microsoft Visual Studio Solution File, Format Version 12.00
# Visual Studio Version 17
VisualStudioVersion = 17.4.33502.350
MinimumVisualStudioVersion = 10.0.40219.1
Project("{FAE04EC0-301F-11D3-BF4B-00C04F79EFBC}") = "EasyProof", "EasyProof\EasyProof.csproj", "{80B80508-A217-4557-9E62-E97568AEB4ED}"
EndProject
Global
	GlobalSection(SolutionConfigurationPlatforms) = preSolution
		Debug|Any CPU = Debug|Any CPU
		Release|Any CPU = Release|Any CPU
	EndGlobalSection
	GlobalSection(ProjectConfigurationPlatforms) = postSolution
		{80B80508-A217-4557-9E62-E97568AEB4ED}.Debug|Any CPU.ActiveCfg = Debug|Any CPU
		{80B80508-A217-4557-9E62-E97568AEB4ED}.Debug|Any CPU.Build.0 = Debug|Any CPU
		{80B80508-A217-4557-9E62-E97568AEB4ED}.Release|Any CPU.ActiveCfg = Release|Any CPU
		{80B80508-A217-4557-9E62-E97568AEB4ED}.Release|Any CPU.Build.0 = Release|Any CPU
	EndGlobalSection
	GlobalSection(SolutionProperties) = preSolution
		HideSolutionNode = FALSE
	EndGlobalSection
	GlobalSection(ExtensibilityGlobals) = postSolution
		SolutionGuid = {F47F16A3-58B3-4C18-838D-3BD3C4CC2890}
	EndGlobalSection
EndGlobal
